{
  "name": "step00 _lambda_container_with_local_image",
  "version": "0.1.0",
  "lockfileVersion": 1,
  "requires": true,
  "dependencies": {
    "@aws-cdk/assets": {
      "version": "1.104.0",
      "resolved": "https://registry.npmjs.org/@aws-cdk/assets/-/assets-1.104.0.tgz",
      "integrity": "sha512-db5M8Vknw+xIVPdlR+brpmCMIsltKb5w4DNhTVTpfD6VZSyD5gG1TmGUTZKE/icj1YERzQCUbZ85E/Mtd2cV8w==",
      "requires": {
        "@aws-cdk/core": "1.104.0",
        "@aws-cdk/cx-api": "1.104.0",
        "constructs": "^3.3.69"
      }
    },
    "@aws-cdk/aws-applicationautoscaling": {
      "version": "1.104.0",
      "resolved": "https://registry.npmjs.org/@aws-cdk/aws-applicationautoscaling/-/aws-applicationautoscaling-1.104.0.tgz",
      "integrity": "sha512-MXJfnH2GgVnJEtE9G5KN/EjtgVocWauWef1pKhkxBxInwYWKwKaLZBYGSZ/fUAlRK6/B/McfstA/GsqkE5NlYA==",
      "requires": {
        "@aws-cdk/aws-autoscaling-common": "1.104.0",
        "@aws-cdk/aws-cloudwatch": "1.104.0",
        "@aws-cdk/aws-iam": "1.104.0",
        "@aws-cdk/core": "1.104.0",
        "constructs": "^3.3.69"
      }
    },
    "@aws-cdk/aws-autoscaling-common": {
      "version": "1.104.0",
      "resolved": "https://registry.npmjs.org/@aws-cdk/aws-autoscaling-common/-/aws-autoscaling-common-1.104.0.tgz",
      "integrity": "sha512-jOjMpszCHPBOjsA5CRQv+jqqsCxUhOGcRr+Yx54rOwfJl+3DL96qYzuc8n1f+R9RJJnmeCSSdO7SdwBpLXD7qw==",
      "requires": {
        "@aws-cdk/aws-iam": "1.104.0",
        "@aws-cdk/core": "1.104.0",
        "constructs": "^3.3.69"
      }
    },
    "@aws-cdk/aws-cloudwatch": {
      "version": "1.104.0",
      "resolved": "https://registry.npmjs.org/@aws-cdk/aws-cloudwatch/-/aws-cloudwatch-1.104.0.tgz",
      "integrity": "sha512-0BpT5AOMZIhH4MyiETZzL/Y2ElbhtsPKl0I4RkzAFGby7H4DtsHTbn5PokZa+cRWGhH3XD2bauSUseQlsSAqYg==",
      "requires": {
        "@aws-cdk/aws-iam": "1.104.0",
        "@aws-cdk/core": "1.104.0",
        "constructs": "^3.3.69"
      }
    },
    "@aws-cdk/aws-codeguruprofiler": {
      "version": "1.104.0",
      "resolved": "https://registry.npmjs.org/@aws-cdk/aws-codeguruprofiler/-/aws-codeguruprofiler-1.104.0.tgz",
      "integrity": "sha512-Z2HoC2+LeT2wDj4vfHMv423hnGdf7LZnP00geO3q+AII4PS79nC8wOrINKxhDw0VJmjehQsoMDIJZqA6VQt+1Q==",
      "requires": {
        "@aws-cdk/aws-iam": "1.104.0",
        "@aws-cdk/core": "1.104.0",
        "constructs": "^3.3.69"
      }
    },
    "@aws-cdk/aws-ec2": {
      "version": "1.104.0",
      "resolved": "https://registry.npmjs.org/@aws-cdk/aws-ec2/-/aws-ec2-1.104.0.tgz",
      "integrity": "sha512-PyAIEI1Ae2AOHDXh2G2JAMVbBgJk9lueRiE+eGsn5yc2lDTtncjDFAamYJ4HEIcsOUBygm5OwvxVRZpJVOTqBw==",
      "requires": {
        "@aws-cdk/aws-cloudwatch": "1.104.0",
        "@aws-cdk/aws-iam": "1.104.0",
        "@aws-cdk/aws-kms": "1.104.0",
        "@aws-cdk/aws-logs": "1.104.0",
        "@aws-cdk/aws-s3": "1.104.0",
        "@aws-cdk/aws-s3-assets": "1.104.0",
        "@aws-cdk/aws-ssm": "1.104.0",
        "@aws-cdk/cloud-assembly-schema": "1.104.0",
        "@aws-cdk/core": "1.104.0",
        "@aws-cdk/cx-api": "1.104.0",
        "@aws-cdk/region-info": "1.104.0",
        "constructs": "^3.3.69"
      }
    },
    "@aws-cdk/aws-ecr": {
      "version": "1.104.0",
      "resolved": "https://registry.npmjs.org/@aws-cdk/aws-ecr/-/aws-ecr-1.104.0.tgz",
      "integrity": "sha512-Lwa7S3iWMD5JZYV/x50Ge64Iyb3yZkdunBwOTp/tXsdEHBggrl1jswnmbtTqmUxLejfH9LHTDJhoYEqZNmox1A==",
      "requires": {
        "@aws-cdk/aws-events": "1.104.0",
        "@aws-cdk/aws-iam": "1.104.0",
        "@aws-cdk/core": "1.104.0",
        "constructs": "^3.3.69"
      }
    },
    "@aws-cdk/aws-ecr-assets": {
      "version": "1.104.0",
      "resolved": "https://registry.npmjs.org/@aws-cdk/aws-ecr-assets/-/aws-ecr-assets-1.104.0.tgz",
      "integrity": "sha512-1ZY/10y7b0mcRGtETJw9IpCDfMjk/Zakn83w/7AHkoe0wDZbS3fQNO/hiaNKm+/p2F1tRca2vGopUOFwugBx8A==",
      "requires": {
        "@aws-cdk/assets": "1.104.0",
        "@aws-cdk/aws-ecr": "1.104.0",
        "@aws-cdk/aws-iam": "1.104.0",
        "@aws-cdk/aws-s3": "1.104.0",
        "@aws-cdk/core": "1.104.0",
        "@aws-cdk/cx-api": "1.104.0",
        "constructs": "^3.3.69",
        "minimatch": "^3.0.4"
      },
      "dependencies": {
        "balanced-match": {
          "version": "1.0.2",
          "bundled": true
        },
        "brace-expansion": {
          "version": "1.1.11",
          "bundled": true,
          "requires": {
            "balanced-match": "^1.0.0",
            "concat-map": "0.0.1"
          }
        },
        "concat-map": {
          "version": "0.0.1",
          "bundled": true
        },
        "minimatch": {
          "version": "3.0.4",
          "bundled": true,
          "requires": {
            "brace-expansion": "^1.1.7"
          }
        }
      }
    },
    "@aws-cdk/aws-efs": {
      "version": "1.104.0",
      "resolved": "https://registry.npmjs.org/@aws-cdk/aws-efs/-/aws-efs-1.104.0.tgz",
      "integrity": "sha512-Vz5j980p8uscgcalU1gOYayusFaIPaoAJVMhxua6KKrJQc8o/QgpYKF9Lcyg6fV+yYk4sXDnatI0pF6p8gJ8tg==",
      "requires": {
        "@aws-cdk/aws-ec2": "1.104.0",
        "@aws-cdk/aws-kms": "1.104.0",
        "@aws-cdk/cloud-assembly-schema": "1.104.0",
        "@aws-cdk/core": "1.104.0",
        "@aws-cdk/cx-api": "1.104.0",
        "constructs": "^3.3.69"
      }
    },
    "@aws-cdk/aws-events": {
      "version": "1.104.0",
      "resolved": "https://registry.npmjs.org/@aws-cdk/aws-events/-/aws-events-1.104.0.tgz",
      "integrity": "sha512-zn0uqVPc8ZVAcKLa8JJaRrKB4a6f8fi0p/j3bEsSAiojv1zm2bT8whXBq9qpMU3HraRp2dQkwpiNHUYf3F0zfA==",
      "requires": {
        "@aws-cdk/aws-iam": "1.104.0",
        "@aws-cdk/core": "1.104.0",
        "constructs": "^3.3.69"
      }
    },
    "@aws-cdk/aws-iam": {
      "version": "1.104.0",
      "resolved": "https://registry.npmjs.org/@aws-cdk/aws-iam/-/aws-iam-1.104.0.tgz",
      "integrity": "sha512-lqpbad/RwwI8RtRvF6Tqz8R9WLjuYnwlt1MzLbHXzJUhjwkYC6YAXIPytHBaK9QvQKhEZVbLHWAXVzojZ8oYTQ==",
      "requires": {
        "@aws-cdk/core": "1.104.0",
        "@aws-cdk/region-info": "1.104.0",
        "constructs": "^3.3.69"
      }
    },
    "@aws-cdk/aws-kms": {
      "version": "1.104.0",
      "resolved": "https://registry.npmjs.org/@aws-cdk/aws-kms/-/aws-kms-1.104.0.tgz",
      "integrity": "sha512-qc88mLw130VR/wJAxTmcq3dtzzv4EkUrmFq33W9BDrNwOEPCu5Qfz0alIFjrkT87a/Nk4sD1+LIwwWXnlWkdww==",
      "requires": {
        "@aws-cdk/aws-iam": "1.104.0",
        "@aws-cdk/core": "1.104.0",
        "@aws-cdk/cx-api": "1.104.0",
        "constructs": "^3.3.69"
      }
    },
    "@aws-cdk/aws-lambda": {
      "version": "1.104.0",
      "resolved": "https://registry.npmjs.org/@aws-cdk/aws-lambda/-/aws-lambda-1.104.0.tgz",
      "integrity": "sha512-6xO0UavFjiXiTYspizrJAVKjQR1hep2qxAupLNni4TNNHmn8gb+VYsHzEVxD5UdkWvZKK0ytsUf6aQqiXpbyDQ==",
      "requires": {
        "@aws-cdk/aws-applicationautoscaling": "1.104.0",
        "@aws-cdk/aws-cloudwatch": "1.104.0",
        "@aws-cdk/aws-codeguruprofiler": "1.104.0",
        "@aws-cdk/aws-ec2": "1.104.0",
        "@aws-cdk/aws-ecr": "1.104.0",
        "@aws-cdk/aws-ecr-assets": "1.104.0",
        "@aws-cdk/aws-efs": "1.104.0",
        "@aws-cdk/aws-events": "1.104.0",
        "@aws-cdk/aws-iam": "1.104.0",
        "@aws-cdk/aws-kms": "1.104.0",
        "@aws-cdk/aws-logs": "1.104.0",
        "@aws-cdk/aws-s3": "1.104.0",
        "@aws-cdk/aws-s3-assets": "1.104.0",
        "@aws-cdk/aws-signer": "1.104.0",
        "@aws-cdk/aws-sqs": "1.104.0",
        "@aws-cdk/core": "1.104.0",
        "@aws-cdk/cx-api": "1.104.0",
        "constructs": "^3.3.69"
      }
    },
    "@aws-cdk/aws-logs": {
      "version": "1.104.0",
      "resolved": "https://registry.npmjs.org/@aws-cdk/aws-logs/-/aws-logs-1.104.0.tgz",
      "integrity": "sha512-3cvM7MxKDqXV1BGHnMTO3JyHg+7QKgFs4ncUh1vxHNsjVFyV6ZPmEdiQxDhVfT9ZuIh+tDc5I5G7KfK79UbuQA==",
      "requires": {
        "@aws-cdk/aws-cloudwatch": "1.104.0",
        "@aws-cdk/aws-iam": "1.104.0",
        "@aws-cdk/aws-kms": "1.104.0",
        "@aws-cdk/aws-s3-assets": "1.104.0",
        "@aws-cdk/core": "1.104.0",
        "constructs": "^3.3.69"
      }
    },
    "@aws-cdk/aws-s3": {
      "version": "1.104.0",
      "resolved": "https://registry.npmjs.org/@aws-cdk/aws-s3/-/aws-s3-1.104.0.tgz",
      "integrity": "sha512-yzH9FPufRYyJ3UHCEgfb1u8laSEuKv2F5g5yKjROJOAB0SVsBX2xoXcJV3JTuaSTrEYOJCNKEGTbYGSnYS3Ccw==",
      "requires": {
        "@aws-cdk/aws-events": "1.104.0",
        "@aws-cdk/aws-iam": "1.104.0",
        "@aws-cdk/aws-kms": "1.104.0",
        "@aws-cdk/core": "1.104.0",
        "@aws-cdk/cx-api": "1.104.0",
        "constructs": "^3.3.69"
      }
    },
    "@aws-cdk/aws-s3-assets": {
      "version": "1.104.0",
      "resolved": "https://registry.npmjs.org/@aws-cdk/aws-s3-assets/-/aws-s3-assets-1.104.0.tgz",
      "integrity": "sha512-X+GWL+k2Ph16DFa/eJk4LwYojd14z4JvVpcddCk4n5SeSbkRJoQEQEMtnb4VcWW045c9jq/qbc9wHrKAx1P1xg==",
      "requires": {
        "@aws-cdk/assets": "1.104.0",
        "@aws-cdk/aws-iam": "1.104.0",
        "@aws-cdk/aws-kms": "1.104.0",
        "@aws-cdk/aws-s3": "1.104.0",
        "@aws-cdk/core": "1.104.0",
        "@aws-cdk/cx-api": "1.104.0",
        "constructs": "^3.3.69"
      }
    },
    "@aws-cdk/aws-signer": {
      "version": "1.104.0",
      "resolved": "https://registry.npmjs.org/@aws-cdk/aws-signer/-/aws-signer-1.104.0.tgz",
      "integrity": "sha512-6LUQxgja8r1nsa1cMh+Rc9Enw1rzQlW0Vh1oeXrwdkCmpBa7xc/soJmVI0sj6IUPxT8Kr8MNAByzXw8Js/fR+g==",
      "requires": {
        "@aws-cdk/core": "1.104.0",
        "constructs": "^3.3.69"
      }
    },
    "@aws-cdk/aws-sqs": {
      "version": "1.104.0",
      "resolved": "https://registry.npmjs.org/@aws-cdk/aws-sqs/-/aws-sqs-1.104.0.tgz",
      "integrity": "sha512-eeJ9bVg3bhD/rZwTWE4qElJLCP0jSNU4Ms1jbCSoiuVMuGHXeW3/rrUI/6Z8nXDpSoLRuSmUg6xtEcSfI4eivQ==",
      "requires": {
        "@aws-cdk/aws-cloudwatch": "1.104.0",
        "@aws-cdk/aws-iam": "1.104.0",
        "@aws-cdk/aws-kms": "1.104.0",
        "@aws-cdk/core": "1.104.0",
        "constructs": "^3.3.69"
      }
    },
    "@aws-cdk/aws-ssm": {
      "version": "1.104.0",
      "resolved": "https://registry.npmjs.org/@aws-cdk/aws-ssm/-/aws-ssm-1.104.0.tgz",
      "integrity": "sha512-yfyKeeo2x7i5efSQ9RIcreahhV2Bs5QVwGIKbGRKqGnyus5+hhuCvLDhJicNdrkQ9wJPbmmNO0rR3SQjsZeteg==",
      "requires": {
        "@aws-cdk/aws-iam": "1.104.0",
        "@aws-cdk/aws-kms": "1.104.0",
        "@aws-cdk/cloud-assembly-schema": "1.104.0",
        "@aws-cdk/core": "1.104.0",
        "constructs": "^3.3.69"
      }
    },
    "@aws-cdk/cloud-assembly-schema": {
      "version": "1.104.0",
      "resolved": "https://registry.npmjs.org/@aws-cdk/cloud-assembly-schema/-/cloud-assembly-schema-1.104.0.tgz",
      "integrity": "sha512-4tutOtghEcgWc9La/c14tuohHrilq/Y9Y8wG7GWPq8SlXi64R3qdcspYqrNacXWNKoIeShjhtX4NKbYJkMOu9w==",
      "requires": {
        "jsonschema": "^1.4.0",
        "semver": "^7.3.5"
      },
      "dependencies": {
        "jsonschema": {
          "version": "1.4.0",
          "bundled": true
        },
        "lru-cache": {
          "version": "6.0.0",
          "bundled": true,
          "requires": {
            "yallist": "^4.0.0"
          }
        },
        "semver": {
          "version": "7.3.5",
          "bundled": true,
          "requires": {
            "lru-cache": "^6.0.0"
          }
        },
        "yallist": {
          "version": "4.0.0",
          "bundled": true
        }
      }
    },
    "@aws-cdk/core": {
      "version": "1.104.0",
      "resolved": "https://registry.npmjs.org/@aws-cdk/core/-/core-1.104.0.tgz",
      "integrity": "sha512-GAt9lf1yF4jt2nSKHhjaD4/6GaE+IqRtHMVC4ZL/T3wJ2V1jZWgG5oE2PATylRZkGBoQXTIu7IfM4tg0AKqHPA==",
      "requires": {
        "@aws-cdk/cloud-assembly-schema": "1.104.0",
        "@aws-cdk/cx-api": "1.104.0",
        "@aws-cdk/region-info": "1.104.0",
        "@balena/dockerignore": "^1.0.2",
        "constructs": "^3.3.69",
        "fs-extra": "^9.1.0",
        "ignore": "^5.1.8",
        "minimatch": "^3.0.4"
      },
      "dependencies": {
        "@balena/dockerignore": {
          "version": "1.0.2",
          "bundled": true
        },
        "at-least-node": {
          "version": "1.0.0",
          "bundled": true
        },
        "balanced-match": {
          "version": "1.0.2",
          "bundled": true
        },
        "brace-expansion": {
          "version": "1.1.11",
          "bundled": true,
          "requires": {
            "balanced-match": "^1.0.0",
            "concat-map": "0.0.1"
          }
        },
        "concat-map": {
          "version": "0.0.1",
          "bundled": true
        },
        "fs-extra": {
          "version": "9.1.0",
          "bundled": true,
          "requires": {
            "at-least-node": "^1.0.0",
            "graceful-fs": "^4.2.0",
            "jsonfile": "^6.0.1",
            "universalify": "^2.0.0"
          }
        },
        "graceful-fs": {
          "version": "4.2.6",
          "bundled": true
        },
        "ignore": {
          "version": "5.1.8",
          "bundled": true
        },
        "jsonfile": {
          "version": "6.1.0",
          "bundled": true,
          "requires": {
            "graceful-fs": "^4.1.6",
            "universalify": "^2.0.0"
          }
        },
        "minimatch": {
          "version": "3.0.4",
          "bundled": true,
          "requires": {
            "brace-expansion": "^1.1.7"
          }
        },
        "universalify": {
          "version": "2.0.0",
          "bundled": true
        }
      }
    },
    "@aws-cdk/cx-api": {
      "version": "1.104.0",
      "resolved": "https://registry.npmjs.org/@aws-cdk/cx-api/-/cx-api-1.104.0.tgz",
      "integrity": "sha512-sqWMLmGnGZSeXcDifKT+9GmMtqLcz+lAnac3iHvh9Q32fQD0Mfh0U34+xWbwIeSTz32AE6yo2h2rsY9BrRlutA==",
      "requires": {
        "@aws-cdk/cloud-assembly-schema": "1.104.0",
        "semver": "^7.3.5"
      },
      "dependencies": {
        "lru-cache": {
          "version": "6.0.0",
          "bundled": true,
          "requires": {
            "yallist": "^4.0.0"
          }
        },
        "semver": {
          "version": "7.3.5",
          "bundled": true,
          "requires": {
            "lru-cache": "^6.0.0"
          }
        },
        "yallist": {
          "version": "4.0.0",
          "bundled": true
        }
      }
    },
    "@aws-cdk/region-info": {
      "version": "1.104.0",
      "resolved": "https://registry.npmjs.org/@aws-cdk/region-info/-/region-info-1.104.0.tgz",
      "integrity": "sha512-HecPbcLVWW4Br4WOOI6Q8IvrYEPy7dCw+YozBi2kXOhwWu9GZE8+goP9fqOkxvFtLpOrcfO/jsNBHq7KNTlUtw=="
    },
    "@types/node": {
      "version": "15.3.0",
      "resolved": "https://registry.npmjs.org/@types/node/-/node-15.3.0.tgz",
      "integrity": "sha512-8/bnjSZD86ZfpBsDlCIkNXIvm+h6wi9g7IqL+kmFkQ+Wvu3JrasgLElfiPgoo8V8vVfnEi0QVS12gbl94h9YsQ==",
      "dev": true
    },
    "constructs": {
      "version": "3.3.75",
      "resolved": "https://registry.npmjs.org/constructs/-/constructs-3.3.75.tgz",
      "integrity": "sha512-q10foASSSfDWmS99OQLfnWDXCzqLvoORISAVWPFg0AmIGlBv2ZdDOtXxLqrJARPxVlOldmW2JzWzdRI+4+0/ZA=="
    }
  }
}
